// !$*UTF8*$!
{
	archiveVersion = 1;
	classes = {
	};
	objectVersion = 77;
	objects = {

/* Begin PBXBuildFile section */
		F4A001012F8CC00000CB54C3 /* WeatherFeature in Frameworks */ = {isa = PBXBuildFile; productRef = F4A001042F8CC00000CB54C3 /* WeatherFeature */; settings = {ATTRIBUTES = (Required, ); }; };
/* End PBXBuildFile section */

/* Begin PBXContainerItemProxy section */
		F492B59A2F8CB71400CB54C3 /* PBXContainerItemProxy */ = {
			isa = PBXContainerItemProxy;
			containerPortal = F492B5822F8CB71300CB54C3 /* Project object */;
			proxyType = 1;
			remoteGlobalIDString = F492B5892F8CB71300CB54C3;
			remoteInfo = wether_multi_module_App;
		};
		F492B5A42F8CB71400CB54C3 /* PBXContainerItemProxy */ = {
			isa = PBXContainerItemProxy;
			containerPortal = F492B5822F8CB71300CB54C3 /* Project object */;
			proxyType = 1;
			remoteGlobalIDString = F492B5892F8CB71300CB54C3;
			remoteInfo = wether_multi_module_App;
		};
/* End PBXContainerItemProxy section */

/* Begin PBXFileReference section */
		F492B58A2F8CB71300CB54C3 /* wether_multi_module_App.app */ = {isa = PBXFileReference; explicitFileType = wrapper.application; includeInIndex = 0; path = wether_multi_module_App.app; sourceTree = BUILT_PRODUCTS_DIR; };
		F492B5992F8CB71400CB54C3 /* wether_multi_module_AppTests.xctest */ = {isa = PBXFileReference; explicitFileType = wrapper.cfbundle; includeInIndex = 0; path = wether_multi_module_AppTests.xctest; sourceTree = BUILT_PRODUCTS_DIR; };
		F492B5A32F8CB71400CB54C3 /* wether_multi_module_AppUITests.xctest */ = {isa = PBXFileReference; explicitFileType = wrapper.cfbundle; includeInIndex = 0; path = wether_multi_module_AppUITests.xctest; sourceTree = BUILT_PRODUCTS_DIR; };
/* End PBXFileReference section */

/* Begin PBXFileSystemSynchronizedRootGroup section */
		F492B58C2F8CB71300CB54C3 /* wether_multi_module_App */ = {
			isa = PBXFileSystemSynchronizedRootGroup;
			path = wether_multi_module_App;
			sourceTree = "<group>";
		};
		F492B59C2F8CB71400CB54C3 /* wether_multi_module_AppTests */ = {
			isa = PBXFileSystemSynchronizedRootGroup;
			path = wether_multi_module_AppTests;
			sourceTree = "<group>";
		};
		F492B5A62F8CB71400CB54C3 /* wether_multi_module_AppUITests */ = {
			isa = PBXFileSystemSynchronizedRootGroup;
			path = wether_multi_module_AppUITests;
			sourceTree = "<group>";
		};
/* End PBXFileSystemSynchronizedRootGroup section */

/* Begin PBXFrameworksBuildPhase section */
		F492B5872F8CB71300CB54C3 /* Frameworks */ = {
			isa = PBXFrameworksBuildPhase;
			buildActionMask = 2147483647;
			files = (
				F4A001012F8CC00000CB54C3 /* WeatherFeature in Frameworks */,
			);
			runOnlyForDeploymentPostprocessing = 0;
		};
		F492B5962F8CB71400CB54C3 /* Frameworks */ = {
			isa = PBXFrameworksBuildPhase;
			buildActionMask = 2147483647;
			files = (
			);
			runOnlyForDeploymentPostprocessing = 0;
		};
		F492B5A02F8CB71400CB54C3 /* Frameworks */ = {
			isa = PBXFrameworksBuildPhase;
			buildActionMask = 2147483647;
			files = (
			);
			runOnlyForDeploymentPostprocessing = 0;
		};
/* End PBXFrameworksBuildPhase section */

/* Begin PBXGroup section */
		F492B5812F8CB71300CB54C3 = {
			isa = PBXGroup;
			children = (
				F492B58C2F8CB71300CB54C3 /* wether_multi_module_App */,
				F492B59C2F8CB71400CB54C3 /* wether_multi_module_AppTests */,
				F492B5A62F8CB71400CB54C3 /* wether_multi_module_AppUITests */,
				F492B58B2F8CB71300CB54C3 /* Products */,
			);
			sourceTree = "<group>";
		};
		F492B58B2F8CB71300CB54C3 /* Products */ = {
			isa = PBXGroup;
			children = (
				F492B58A2F8CB71300CB54C3 /* wether_multi_module_App.app */,
				F492B5992F8CB71400CB54C3 /* wether_multi_module_AppTests.xctest */,
				F492B5A32F8CB71400CB54C3 /* wether_multi_module_AppUITests.xctest */,
			);
			name = Products;
			sourceTree = "<group>";
		};
/* End PBXGroup section */

/* Begin PBXNativeTarget section */
		F492B5892F8CB71300CB54C3 /* wether_multi_module_App */ = {
			isa = PBXNativeTarget;
			buildConfigurationList = F492B5AD2F8CB71400CB54C3 /* Build configuration list for PBXNativeTarget "wether_multi_module_App" */;
			buildPhases = (
				F492B5862F8CB71300CB54C3 /* Sources */,
				F492B5872F8CB71300CB54C3 /* Frameworks */,
				F492B5882F8CB71300CB54C3 /* Resources */,
			);
			buildRules = (
			);
			dependencies = (
			);
			fileSystemSynchronizedGroups = (
				F492B58C2F8CB71300CB54C3 /* wether_multi_module_App */,
			);
			name = wether_multi_module_App;
			packageProductDependencies = (
				F4A001042F8CC00000CB54C3 /* WeatherFeature */,
			);
			productName = wether_multi_module_App;
			productReference = F492B58A2F8CB71300CB54C3 /* wether_multi_module_App.app */;
			productType = "com.apple.product-type.application";
		};
		F492B5982F8CB71400CB54C3 /* wether_multi_module_AppTests */ = {
			isa = PBXNativeTarget;
			buildConfigurationList = F492B5B02F8CB71400CB54C3 /* Build configuration list for PBXNativeTarget "wether_multi_module_AppTests" */;
			buildPhases = (
				F492B5952F8CB71400CB54C3 /* Sources */,
				F492B5962F8CB71400CB54C3 /* Frameworks */,
				F492B5972F8CB71400CB54C3 /* Resources */,
			);
			buildRules = (
			);
			dependencies = (
				F492B59B2F8CB71400CB54C3 /* PBXTargetDependency */,
			);
			fileSystemSynchronizedGroups = (
				F492B59C2F8CB71400CB54C3 /* wether_multi_module_AppTests */,
			);
			name = wether_multi_module_AppTests;
			packageProductDependencies = (
			);
			productName = wether_multi_module_AppTests;
			productReference = F492B5992F8CB71400CB54C3 /* wether_multi_module_AppTests.xctest */;
			productType = "com.apple.product-type.bundle.unit-test";
		};
		F492B5A22F8CB71400CB54C3 /* wether_multi_module_AppUITests */ = {
			isa = PBXNativeTarget;
			buildConfigurationList = F492B5B32F8CB71400CB54C3 /* Build configuration list for PBXNativeTarget "wether_multi_module_AppUITests" */;
			buildPhases = (
				F492B59F2F8CB71400CB54C3 /* Sources */,
				F492B5A02F8CB71400CB54C3 /* Frameworks */,
				F492B5A12F8CB71400CB54C3 /* Resources */,
			);
			buildRules = (
			);
			dependencies = (
				F492B5A52F8CB71400CB54C3 /* PBXTargetDependency */,
			);
			fileSystemSynchronizedGroups = (
				F492B5A62F8CB71400CB54C3 /* wether_multi_module_AppUITests */,
			);
			name = wether_multi_module_AppUITests;
			packageProductDependencies = (
			);
			productName = wether_multi_module_AppUITests;
			productReference = F492B5A32F8CB71400CB54C3 /* wether_multi_module_AppUITests.xctest */;
			productType = "com.apple.product-type.bundle.ui-testing";
		};
/* End PBXNativeTarget section */

/* Begin PBXProject section */
		F492B5822F8CB71300CB54C3 /* Project object */ = {
			isa = PBXProject;
			attributes = {
				BuildIndependentTargetsInParallel = 1;
				LastSwiftUpdateCheck = 2630;
				LastUpgradeCheck = 2630;
				TargetAttributes = {
					F492B5892F8CB71300CB54C3 = {
						CreatedOnToolsVersion = 26.3;
					};
					F492B5982F8CB71400CB54C3 = {
						CreatedOnToolsVersion = 26.3;
						TestTargetID = F492B5892F8CB71300CB54C3;
					};
					F492B5A22F8CB71400CB54C3 = {
						CreatedOnToolsVersion = 26.3;
						TestTargetID = F492B5892F8CB71300CB54C3;
					};
				};
			};
			buildConfigurationList = F492B5852F8CB71300CB54C3 /* Build configuration list for PBXProject "wether_multi_module_App" */;
			developmentRegion = en;
			hasScannedForEncodings = 0;
			knownRegions = (
				en,
				Base,
			);
			mainGroup = F492B5812F8CB71300CB54C3;
			minimizedProjectReferenceProxies = 1;
			packageReferences = (
				F4A001022F8CC00000CB54C3 /* XCLocalSwiftPackageReference "Packages/WeatherKitApp" */,
			);
			preferredProjectObjectVersion = 77;
			productRefGroup = F492B58B2F8CB71300CB54C3 /* Products */;
			projectDirPath = "";
			projectRoot = "";
			targets = (
				F492B5892F8CB71300CB54C3 /* wether_multi_module_App */,
				F492B5982F8CB71400CB54C3 /* wether_multi_module_AppTests */,
				F492B5A22F8CB71400CB54C3 /* wether_multi_module_AppUITests */,
			);
		};
/* End PBXProject section */

/* Begin PBXResourcesBuildPhase section */
		F492B5882F8CB71300CB54C3 /* Resources */ = {
			isa = PBXResourcesBuildPhase;
			buildActionMask = 2147483647;
			files = (
			);
			runOnlyForDeploymentPostprocessing = 0;
		};
		F492B5972F8CB71400CB54C3 /* Resources */ = {
			isa = PBXResourcesBuildPhase;
			buildActionMask = 2147483647;
			files = (
			);
			runOnlyForDeploymentPostprocessing = 0;
		};
		F492B5A12F8CB71400CB54C3 /* Resources */ = {
			isa = PBXResourcesBuildPhase;
			buildActionMask = 2147483647;
			files = (
			);
			runOnlyForDeploymentPostprocessing = 0;
		};
/* End PBXResourcesBuildPhase section */

/* Begin PBXSourcesBuildPhase section */
		F492B5862F8CB71300CB54C3 /* Sources */ = {
			isa = PBXSourcesBuildPhase;
			buildActionMask = 2147483647;
			files = (
			);
			runOnlyForDeploymentPostprocessing = 0;
		};
		F492B5952F8CB71400CB54C3 /* Sources */ = {
			isa = PBXSourcesBuildPhase;
			buildActionMask = 2147483647;
			files = (
			);
			runOnlyForDeploymentPostprocessing = 0;
		};
		F492B59F2F8CB71400CB54C3 /* Sources */ = {
			isa = PBXSourcesBuildPhase;
			buildActionMask = 2147483647;
			files = (
			);
			runOnlyForDeploymentPostprocessing = 0;
		};
/* End PBXSourcesBuildPhase section */

/* Begin PBXTargetDependency section */
		F492B59B2F8CB71400CB54C3 /* PBXTargetDependency */ = {
			isa = PBXTargetDependency;
			target = F492B5892F8CB71300CB54C3 /* wether_multi_module_App */;
			targetProxy = F492B59A2F8CB71400CB54C3 /* PBXContainerItemProxy */;
		};
		F492B5A52F8CB71400CB54C3 /* PBXTargetDependency */ = {
			isa = PBXTargetDependency;
			target = F492B5892F8CB71300CB54C3 /* wether_multi_module_App */;
			targetProxy = F492B5A42F8CB71400CB54C3 /* PBXContainerItemProxy */;
		};
/* End PBXTargetDependency section */

/* Begin XCBuildConfiguration section */
		F492B5AB2F8CB71400CB54C3 /* Debug */ = {
			isa = XCBuildConfiguration;
			buildSettings = {
				ALWAYS_SEARCH_USER_PATHS = NO;
				ASSETCATALOG_COMPILER_GENERATE_SWIFT_ASSET_SYMBOL_EXTENSIONS = YES;
				CLANG_ANALYZER_NONNULL = YES;
				CLANG_ANALYZER_NUMBER_OBJECT_CONVERSION = YES_AGGRESSIVE;
				CLANG_CXX_LANGUAGE_STANDARD = "gnu++20";
				CLANG_ENABLE_MODULES = YES;
				CLANG_ENABLE_OBJC_ARC = YES;
				CLANG_ENABLE_OBJC_WEAK = YES;
				CLANG_WARN_BLOCK_CAPTURE_AUTORELEASING = YES;
				CLANG_WARN_BOOL_CONVERSION = YES;
				CLANG_WARN_COMMA = YES;
				CLANG_WARN_CONSTANT_CONVERSION = YES;
				CLANG_WARN_DEPRECATED_OBJC_IMPLEMENTATIONS = YES;
				CLANG_WARN_DIRECT_OBJC_ISA_USAGE = YES_ERROR;
				CLANG_WARN_DOCUMENTATION_COMMENTS = YES;
				CLANG_WARN_EMPTY_BODY = YES;
				CLANG_WARN_ENUM_CONVERSION = YES;
				CLANG_WARN_INFINITE_RECURSION = YES;
				CLANG_WARN_INT_CONVERSION = YES;
				CLANG_WARN_NON_LITERAL_NULL_CONVERSION = YES;
				CLANG_WARN_OBJC_IMPLICIT_RETAIN_SELF = YES;
				CLANG_WARN_OBJC_LITERAL_CONVERSION = YES;
				CLANG_WARN_OBJC_ROOT_CLASS = YES_ERROR;
				CLANG_WARN_QUOTED_INCLUDE_IN_FRAMEWORK_HEADER = YES;
				CLANG_WARN_RANGE_LOOP_ANALYSIS = YES;
				CLANG_WARN_STRICT_PROTOTYPES = YES;
				CLANG_WARN_SUSPICIOUS_MOVE = YES;
				CLANG_WARN_UNGUARDED_AVAILABILITY = YES_AGGRESSIVE;
				CLANG_WARN_UNREACHABLE_CODE = YES;
				CLANG_WARN__DUPLICATE_METHOD_MATCH = YES;
				COPY_PHASE_STRIP = NO;
				DEBUG_INFORMATION_FORMAT = dwarf;
				DEVELOPMENT_TEAM = 843F768W6H;
				ENABLE_STRICT_OBJC_MSGSEND = YES;
				ENABLE_TESTABILITY = YES;
				ENABLE_USER_SCRIPT_SANDBOXING = YES;
				GCC_C_LANGUAGE_STANDARD = gnu17;
				GCC_DYNAMIC_NO_PIC = NO;
				GCC_NO_COMMON_BLOCKS = YES;
				GCC_OPTIMIZATION_LEVEL = 0;
				GCC_PREPROCESSOR_DEFINITIONS = (
					"DEBUG=1",
					"$(inherited)",
				);
				GCC_WARN_64_TO_32_BIT_CONVERSION = YES;
				GCC_WARN_ABOUT_RETURN_TYPE = YES_ERROR;
				GCC_WARN_UNDECLARED_SELECTOR = YES;
				GCC_WARN_UNINITIALIZED_AUTOS = YES_AGGRESSIVE;
				GCC_WARN_UNUSED_FUNCTION = YES;
				GCC_WARN_UNUSED_VARIABLE = YES;
				IPHONEOS_DEPLOYMENT_TARGET = 26.2;
				LOCALIZATION_PREFERS_STRING_CATALOGS = YES;
				MTL_ENABLE_DEBUG_INFO = INCLUDE_SOURCE;
				MTL_FAST_MATH = YES;
				ONLY_ACTIVE_ARCH = YES;
				SDKROOT = iphoneos;
				SWIFT_ACTIVE_COMPILATION_CONDITIONS = "DEBUG $(inherited)";
				SWIFT_OPTIMIZATION_LEVEL = "-Onone";
			};
			name = Debug;
		};
		F492B5AC2F8CB71400CB54C3 /* Release */ = {
			isa = XCBuildConfiguration;
			buildSettings = {
				ALWAYS_SEARCH_USER_PATHS = NO;
				ASSETCATALOG_COMPILER_GENERATE_SWIFT_ASSET_SYMBOL_EXTENSIONS = YES;
				CLANG_ANALYZER_NONNULL = YES;
				CLANG_ANALYZER_NUMBER_OBJECT_CONVERSION = YES_AGGRESSIVE;
				CLANG_CXX_LANGUAGE_STANDARD = "gnu++20";
				CLANG_ENABLE_MODULES = YES;
				CLANG_ENABLE_OBJC_ARC = YES;
				CLANG_ENABLE_OBJC_WEAK = YES;
				CLANG_WARN_BLOCK_CAPTURE_AUTORELEASING = YES;
				CLANG_WARN_BOOL_CONVERSION = YES;
				CLANG_WARN_COMMA = YES;
				CLANG_WARN_CONSTANT_CONVERSION = YES;
				CLANG_WARN_DEPRECATED_OBJC_IMPLEMENTATIONS = YES;
				CLANG_WARN_DIRECT_OBJC_ISA_USAGE = YES_ERROR;
				CLANG_WARN_DOCUMENTATION_COMMENTS = YES;
				CLANG_WARN_EMPTY_BODY = YES;
				CLANG_WARN_ENUM_CONVERSION = YES;
				CLANG_WARN_INFINITE_RECURSION = YES;
				CLANG_WARN_INT_CONVERSION = YES;
				CLANG_WARN_NON_LITERAL_NULL_CONVERSION = YES;
				CLANG_WARN_OBJC_IMPLICIT_RETAIN_SELF = YES;
				CLANG_WARN_OBJC_LITERAL_CONVERSION = YES;
				CLANG_WARN_OBJC_ROOT_CLASS = YES_ERROR;
				CLANG_WARN_QUOTED_INCLUDE_IN_FRAMEWORK_HEADER = YES;
				CLANG_WARN_RANGE_LOOP_ANALYSIS = YES;
				CLANG_WARN_STRICT_PROTOTYPES = YES;
				CLANG_WARN_SUSPICIOUS_MOVE = YES;
				CLANG_WARN_UNGUARDED_AVAILABILITY = YES_AGGRESSIVE;
				CLANG_WARN_UNREACHABLE_CODE = YES;
				CLANG_WARN__DUPLICATE_METHOD_MATCH = YES;
				COPY_PHASE_STRIP = NO;
				DEBUG_INFORMATION_FORMAT = "dwarf-with-dsym";
				DEVELOPMENT_TEAM = 843F768W6H;
				ENABLE_NS_ASSERTIONS = NO;
				ENABLE_STRICT_OBJC_MSGSEND = YES;
				ENABLE_USER_SCRIPT_SANDBOXING = YES;
				GCC_C_LANGUAGE_STANDARD = gnu17;
				GCC_NO_COMMON_BLOCKS = YES;
				GCC_WARN_64_TO_32_BIT_CONVERSION = YES;
				GCC_WARN_ABOUT_RETURN_TYPE = YES_ERROR;
				GCC_WARN_UNDECLARED_SELECTOR = YES;
				GCC_WARN_UNINITIALIZED_AUTOS = YES_AGGRESSIVE;
				GCC_WARN_UNUSED_FUNCTION = YES;
				GCC_WARN_UNUSED_VARIABLE = YES;
				IPHONEOS_DEPLOYMENT_TARGET = 26.2;
				LOCALIZATION_PREFERS_STRING_CATALOGS = YES;
				MTL_ENABLE_DEBUG_INFO = NO;
				MTL_FAST_MATH = YES;
				SDKROOT = iphoneos;
				SWIFT_COMPILATION_MODE = wholemodule;
				VALIDATE_PRODUCT = YES;
			};
			name = Release;
		};
		F492B5AE2F8CB71400CB54C3 /* Debug */ = {
			isa = XCBuildConfiguration;
			buildSettings = {
				ASSETCATALOG_COMPILER_APPICON_NAME = AppIcon;
				ASSETCATALOG_COMPILER_GLOBAL_ACCENT_COLOR_NAME = AccentColor;
				CODE_SIGN_STYLE = Automatic;
				CURRENT_PROJECT_VERSION = 1;
				DEVELOPMENT_TEAM = 843F768W6H;
				ENABLE_PREVIEWS = YES;
				GENERATE_INFOPLIST_FILE = YES;
				INFOPLIST_KEY_NSLocationWhenInUseUsageDescription = "現在地の天気を表示するために位置情報を使用します。";
				INFOPLIST_KEY_UIApplicationSceneManifest_Generation = YES;
				INFOPLIST_KEY_UIApplicationSupportsIndirectInputEvents = YES;
				INFOPLIST_KEY_UILaunchScreen_Generation = YES;
				INFOPLIST_KEY_UISupportedInterfaceOrientations_iPad = "UIInterfaceOrientationPortrait UIInterfaceOrientationPortraitUpsideDown UIInterfaceOrientationLandscapeLeft UIInterfaceOrientationLandscapeRight";
				INFOPLIST_KEY_UISupportedInterfaceOrientations_iPhone = "UIInterfaceOrientationPortrait UIInterfaceOrientationLandscapeLeft UIInterfaceOrientationLandscapeRight";
				LD_RUNPATH_SEARCH_PATHS = (
					"$(inherited)",
					"@executable_path/Frameworks",
				);
				MARKETING_VERSION = 1.0;
				PRODUCT_BUNDLE_IDENTIFIER = "sample.wether-multi-module-App";
				PRODUCT_NAME = "$(TARGET_NAME)";
				STRING_CATALOG_GENERATE_SYMBOLS = YES;
				SWIFT_APPROACHABLE_CONCURRENCY = YES;
				SWIFT_DEFAULT_ACTOR_ISOLATION = MainActor;
				SWIFT_EMIT_LOC_STRINGS = YES;
				SWIFT_UPCOMING_FEATURE_MEMBER_IMPORT_VISIBILITY = YES;
				SWIFT_VERSION = 5.0;
				TARGETED_DEVICE_FAMILY = "1,2";
			};
			name = Debug;
		};
		F492B5AF2F8CB71400CB54C3 /* Release */ = {
			isa = XCBuildConfiguration;
			buildSettings = {
				ASSETCATALOG_COMPILER_APPICON_NAME = AppIcon;
				ASSETCATALOG_COMPILER_GLOBAL_ACCENT_COLOR_NAME = AccentColor;
				CODE_SIGN_STYLE = Automatic;
				CURRENT_PROJECT_VERSION = 1;
				DEVELOPMENT_TEAM = 843F768W6H;
				ENABLE_PREVIEWS = YES;
				GENERATE_INFOPLIST_FILE = YES;
				INFOPLIST_KEY_NSLocationWhenInUseUsageDescription = "現在地の天気を表示するために位置情報を使用します。";
				INFOPLIST_KEY_UIApplicationSceneManifest_Generation = YES;
				INFOPLIST_KEY_UIApplicationSupportsIndirectInputEvents = YES;
				INFOPLIST_KEY_UILaunchScreen_Generation = YES;
				INFOPLIST_KEY_UISupportedInterfaceOrientations_iPad = "UIInterfaceOrientationPortrait UIInterfaceOrientationPortraitUpsideDown UIInterfaceOrientationLandscapeLeft UIInterfaceOrientationLandscapeRight";
				INFOPLIST_KEY_UISupportedInterfaceOrientations_iPhone = "UIInterfaceOrientationPortrait UIInterfaceOrientationLandscapeLeft UIInterfaceOrientationLandscapeRight";
				LD_RUNPATH_SEARCH_PATHS = (
					"$(inherited)",
					"@executable_path/Frameworks",
				);
				MARKETING_VERSION = 1.0;
				PRODUCT_BUNDLE_IDENTIFIER = "sample.wether-multi-module-App";
				PRODUCT_NAME = "$(TARGET_NAME)";
				STRING_CATALOG_GENERATE_SYMBOLS = YES;
				SWIFT_APPROACHABLE_CONCURRENCY = YES;
				SWIFT_DEFAULT_ACTOR_ISOLATION = MainActor;
				SWIFT_EMIT_LOC_STRINGS = YES;
				SWIFT_UPCOMING_FEATURE_MEMBER_IMPORT_VISIBILITY = YES;
				SWIFT_VERSION = 5.0;
				TARGETED_DEVICE_FAMILY = "1,2";
			};
			name = Release;
		};
		F492B5B12F8CB71400CB54C3 /* Debug */ = {
			isa = XCBuildConfiguration;
			buildSettings = {
				BUNDLE_LOADER = "$(TEST_HOST)";
				CODE_SIGN_STYLE = Automatic;
				CURRENT_PROJECT_VERSION = 1;
				DEVELOPMENT_TEAM = 843F768W6H;
				GENERATE_INFOPLIST_FILE = YES;
				IPHONEOS_DEPLOYMENT_TARGET = 26.2;
				MARKETING_VERSION = 1.0;
				PRODUCT_BUNDLE_IDENTIFIER = "sample.wether-multi-module-AppTests";
				PRODUCT_NAME = "$(TARGET_NAME)";
				STRING_CATALOG_GENERATE_SYMBOLS = NO;
				SWIFT_APPROACHABLE_CONCURRENCY = YES;
				SWIFT_EMIT_LOC_STRINGS = NO;
				SWIFT_UPCOMING_FEATURE_MEMBER_IMPORT_VISIBILITY = YES;
				SWIFT_VERSION = 5.0;
				TARGETED_DEVICE_FAMILY = "1,2";
				TEST_HOST = "$(BUILT_PRODUCTS_DIR)/wether_multi_module_App.app/$(BUNDLE_EXECUTABLE_FOLDER_PATH)/wether_multi_module_App";
			};
			name = Debug;
		};
		F492B5B22F8CB71400CB54C3 /* Release */ = {
			isa = XCBuildConfiguration;
			buildSettings = {
				BUNDLE_LOADER = "$(TEST_HOST)";
				CODE_SIGN_STYLE = Automatic;
				CURRENT_PROJECT_VERSION = 1;
				DEVELOPMENT_TEAM = 843F768W6H;
				GENERATE_INFOPLIST_FILE = YES;
				IPHONEOS_DEPLOYMENT_TARGET = 26.2;
				MARKETING_VERSION = 1.0;
				PRODUCT_BUNDLE_IDENTIFIER = "sample.wether-multi-module-AppTests";
				PRODUCT_NAME = "$(TARGET_NAME)";
				STRING_CATALOG_GENERATE_SYMBOLS = NO;
				SWIFT_APPROACHABLE_CONCURRENCY = YES;
				SWIFT_EMIT_LOC_STRINGS = NO;
				SWIFT_UPCOMING_FEATURE_MEMBER_IMPORT_VISIBILITY = YES;
				SWIFT_VERSION = 5.0;
				TARGETED_DEVICE_FAMILY = "1,2";
				TEST_HOST = "$(BUILT_PRODUCTS_DIR)/wether_multi_module_App.app/$(BUNDLE_EXECUTABLE_FOLDER_PATH)/wether_multi_module_App";
			};
			name = Release;
		};
		F492B5B42F8CB71400CB54C3 /* Debug */ = {
			isa = XCBuildConfiguration;
			buildSettings = {
				CODE_SIGN_STYLE = Automatic;
				CURRENT_PROJECT_VERSION = 1;
				DEVELOPMENT_TEAM = 843F768W6H;
				GENERATE_INFOPLIST_FILE = YES;
				MARKETING_VERSION = 1.0;
				PRODUCT_BUNDLE_IDENTIFIER = "sample.wether-multi-module-AppUITests";
				PRODUCT_NAME = "$(TARGET_NAME)";
				STRING_CATALOG_GENERATE_SYMBOLS = NO;
				SWIFT_APPROACHABLE_CONCURRENCY = YES;
				SWIFT_EMIT_LOC_STRINGS = NO;
				SWIFT_UPCOMING_FEATURE_MEMBER_IMPORT_VISIBILITY = YES;
				SWIFT_VERSION = 5.0;
				TARGETED_DEVICE_FAMILY = "1,2";
				TEST_TARGET_NAME = wether_multi_module_App;
			};
			name = Debug;
		};
		F492B5B52F8CB71400CB54C3 /* Release */ = {
			isa = XCBuildConfiguration;
			buildSettings = {
				CODE_SIGN_STYLE = Automatic;
				CURRENT_PROJECT_VERSION = 1;
				DEVELOPMENT_TEAM = 843F768W6H;
				GENERATE_INFOPLIST_FILE = YES;
				MARKETING_VERSION = 1.0;
				PRODUCT_BUNDLE_IDENTIFIER = "sample.wether-multi-module-AppUITests";
				PRODUCT_NAME = "$(TARGET_NAME)";
				STRING_CATALOG_GENERATE_SYMBOLS = NO;
				SWIFT_APPROACHABLE_CONCURRENCY = YES;
				SWIFT_EMIT_LOC_STRINGS = NO;
				SWIFT_UPCOMING_FEATURE_MEMBER_IMPORT_VISIBILITY = YES;
				SWIFT_VERSION = 5.0;
				TARGETED_DEVICE_FAMILY = "1,2";
				TEST_TARGET_NAME = wether_multi_module_App;
			};
			name = Release;
		};
/* End XCBuildConfiguration section */

/* Begin XCConfigurationList section */
		F492B5852F8CB71300CB54C3 /* Build configuration list for PBXProject "wether_multi_module_App" */ = {
			isa = XCConfigurationList;
			buildConfigurations = (
				F492B5AB2F8CB71400CB54C3 /* Debug */,
				F492B5AC2F8CB71400CB54C3 /* Release */,
			);
			defaultConfigurationIsVisible = 0;
			defaultConfigurationName = Release;
		};
		F492B5AD2F8CB71400CB54C3 /* Build configuration list for PBXNativeTarget "wether_multi_module_App" */ = {
			isa = XCConfigurationList;
			buildConfigurations = (
				F492B5AE2F8CB71400CB54C3 /* Debug */,
				F492B5AF2F8CB71400CB54C3 /* Release */,
			);
			defaultConfigurationIsVisible = 0;
			defaultConfigurationName = Release;
		};
		F492B5B02F8CB71400CB54C3 /* Build configuration list for PBXNativeTarget "wether_multi_module_AppTests" */ = {
			isa = XCConfigurationList;
			buildConfigurations = (
				F492B5B12F8CB71400CB54C3 /* Debug */,
				F492B5B22F8CB71400CB54C3 /* Release */,
			);
			defaultConfigurationIsVisible = 0;
			defaultConfigurationName = Release;
		};
		F492B5B32F8CB71400CB54C3 /* Build configuration list for PBXNativeTarget "wether_multi_module_AppUITests" */ = {
			isa = XCConfigurationList;
			buildConfigurations = (
				F492B5B42F8CB71400CB54C3 /* Debug */,
				F492B5B52F8CB71400CB54C3 /* Release */,
			);
			defaultConfigurationIsVisible = 0;
			defaultConfigurationName = Release;
		};
/* End XCConfigurationList section */

/* Begin XCLocalSwiftPackageReference section */
		F4A001022F8CC00000CB54C3 /* XCLocalSwiftPackageReference "Packages/WeatherKitApp" */ = {
			isa = XCLocalSwiftPackageReference;
			relativePath = Packages/WeatherKitApp;
		};
/* End XCLocalSwiftPackageReference section */

/* Begin XCSwiftPackageProductDependency section */
		F4A001042F8CC00000CB54C3 /* WeatherFeature */ = {
			isa = XCSwiftPackageProductDependency;
			package = F4A001022F8CC00000CB54C3 /* XCLocalSwiftPackageReference "Packages/WeatherKitApp" */;
			productName = WeatherFeature;
		};
/* End XCSwiftPackageProductDependency section */
	};
	rootObject = F492B5822F8CB71300CB54C3 /* Project object */;
}
